
Microsoft Visual Studio Solution File, Format Version 12.00
# Visual Studio Version 16
VisualStudioVersion = 16.0.30621.155
MinimumVisualStudioVersion = 10.0.40219.1
Project("{FAE04EC0-301F-11D3-BF4B-00C04F79EFBC}") = "AndroidCalculator_v4", "AndroidCalculator_v4\AndroidCalculator_v4.csproj", "{2A947E56-0369-4265-8175-E53786176030}"
EndProject
Global
	GlobalSection(SolutionConfigurationPlatforms) = preSolution
		Debug|Any CPU = Debug|Any CPU
		Release|Any CPU = Release|Any CPU
	EndGlobalSection
	GlobalSection(ProjectConfigurationPlatforms) = postSolution
		{2A947E56-0369-4265-8175-E53786176030}.Debug|Any CPU.ActiveCfg = Debug|Any CPU
		{2A947E56-0369-4265-8175-E53786176030}.Debug|Any CPU.Build.0 = Debug|Any CPU
		{2A947E56-0369-4265-8175-E53786176030}.Debug|Any CPU.Deploy.0 = Debug|Any CPU
		{2A947E56-0369-4265-8175-E53786176030}.Release|Any CPU.ActiveCfg = Release|Any CPU
		{2A947E56-0369-4265-8175-E53786176030}.Release|Any CPU.Build.0 = Release|Any CPU
		{2A947E56-0369-4265-8175-E53786176030}.Release|Any CPU.Deploy.0 = Release|Any CPU
	EndGlobalSection
	GlobalSection(SolutionProperties) = preSolution
		HideSolutionNode = FALSE
	EndGlobalSection
	GlobalSection(ExtensibilityGlobals) = postSolution
		SolutionGuid = {7E3A7C87-E368-4884-B094-76F3C2BDE203}
	EndGlobalSection
EndGlobal
